// !$*UTF8*$!
{
	archiveVersion = 1;
	classes = {
	};
	objectVersion = 46;
	objects = {

/* Begin PBXBuildFile section */
		320AC8621CB75DA000909971 /* AppDelegate.swift in Sources */ = {isa = PBXBuildFile; fileRef = 320AC8611CB75DA000909971 /* AppDelegate.swift */; };
		320AC8641CB75DA000909971 /* ViewController.swift in Sources */ = {isa = PBXBuildFile; fileRef = 320AC8631CB75DA000909971 /* ViewController.swift */; };
		320AC8671CB75DA000909971 /* Main.storyboard in Resources */ = {isa = PBXBuildFile; fileRef = 320AC8651CB75DA000909971 /* Main.storyboard */; };
		320AC8691CB75DA000909971 /* Assets.xcassets in Resources */ = {isa = PBXBuildFile; fileRef = 320AC8681CB75DA000909971 /* Assets.xcassets */; };
		320AC86C1CB75DA000909971 /* LaunchScreen.storyboard in Resources */ = {isa = PBXBuildFile; fileRef = 320AC86A1CB75DA000909971 /* LaunchScreen.storyboard */; };
		320AC8771CB75DA100909971 /* OnlineRuidaoTests.swift in Sources */ = {isa = PBXBuildFile; fileRef = 320AC8761CB75DA100909971 /* OnlineRuidaoTests.swift */; };
/* End PBXBuildFile section */

/* Begin PBXContainerItemProxy section */
		320AC8731CB75DA100909971 /* PBXContainerItemProxy */ = {
			isa = PBXContainerItemProxy;
			containerPortal = 320AC8561CB75DA000909971 /* Project object */;
			proxyType = 1;
			remoteGlobalIDString = 320AC85D1CB75DA000909971;
			remoteInfo = OnlineRuidao;
		};
/* End PBXContainerItemProxy section */

/* Begin PBXFileReference section */
		320AC85E1CB75DA000909971 /* OnlineRuidao.app */ = {isa = PBXFileReference; explicitFileType = wrapper.application; includeInIndex = 0; path = OnlineRuidao.app; sourceTree = BUILT_PRODUCTS_DIR; };
		320AC8611CB75DA000909971 /* AppDelegate.swift */ = {isa = PBXFileReference; lastKnownFileType = sourcecode.swift; path = AppDelegate.swift; sourceTree = "<group>"; };
		320AC8631CB75DA000909971 /* ViewController.swift */ = {isa = PBXFileReference; lastKnownFileType = sourcecode.swift; path = ViewController.swift; sourceTree = "<group>"; };
		320AC8661CB75DA000909971 /* Base */ = {isa = PBXFileReference; lastKnownFileType = file.storyboard; name = Base; path = Base.lproj/Main.storyboard; sourceTree = "<group>"; };
		320AC8681CB75DA000909971 /* Assets.xcassets */ = {isa = PBXFileReference; lastKnownFileType = folder.assetcatalog; path = Assets.xcassets; sourceTree = "<group>"; };
		320AC86B1CB75DA000909971 /* Base */ = {isa = PBXFileReference; lastKnownFileType = file.storyboard; name = Base; path = Base.lproj/LaunchScreen.storyboard; sourceTree = "<group>"; };
		320AC86D1CB75DA000909971 /* Info.plist */ = {isa = PBXFileReference; lastKnownFileType = text.plist.xml; path = Info.plist; sourceTree = "<group>"; };
		320AC8721CB75DA100909971 /* OnlineRuidaoTests.xctest */ = {isa = PBXFileReference; explicitFileType = wrapper.cfbundle; includeInIndex = 0; path = OnlineRuidaoTests.xctest; sourceTree = BUILT_PRODUCTS_DIR; };
		320AC8761CB75DA100909971 /* OnlineRuidaoTests.swift */ = {isa = PBXFileReference; lastKnownFileType = sourcecode.swift; path = OnlineRuidaoTests.swift; sourceTree = "<group>"; };
		320AC8781CB75DA100909971 /* Info.plist */ = {isa = PBXFileReference; lastKnownFileType = text.plist.xml; path = Info.plist; sourceTree = "<group>"; };
/* End PBXFileReference section */

/* Begin PBXFrameworksBuildPhase section */
		320AC85B1CB75DA000909971 /* Frameworks */ = {
			isa = PBXFrameworksBuildPhase;
			buildActionMask = 2147483647;
			files = (
			);
			runOnlyForDeploymentPostprocessing = 0;
		};
		320AC86F1CB75DA100909971 /* Frameworks */ = {
			isa = PBXFrameworksBuildPhase;
			buildActionMask = 2147483647;
			files = (
			);
			runOnlyForDeploymentPostprocessing = 0;
		};
/* End PBXFrameworksBuildPhase section */

/* Begin PBXGroup section */
		320AC8551CB75DA000909971 = {
			isa = PBXGroup;
			children = (
				320AC8601CB75DA000909971 /* OnlineRuidao */,
				320AC8751CB75DA100909971 /* OnlineRuidaoTests */,
				320AC85F1CB75DA000909971 /* Products */,
			);
			sourceTree = "<group>";
		};
		320AC85F1CB75DA000909971 /* Products */ = {
			isa = PBXGroup;
			children = (
				320AC85E1CB75DA000909971 /* OnlineRuidao.app */,
				320AC8721CB75DA100909971 /* OnlineRuidaoTests.xctest */,
			);
			name = Products;
			sourceTree = "<group>";
		};
		320AC8601CB75DA000909971 /* OnlineRuidao */ = {
			isa = PBXGroup;
			children = (
				320AC8611CB75DA000909971 /* AppDelegate.swift */,
				320AC8631CB75DA000909971 /* ViewController.swift */,
				320AC8651CB75DA000909971 /* Main.storyboard */,
				320AC8681CB75DA000909971 /* Assets.xcassets */,
				320AC86A1CB75DA000909971 /* LaunchScreen.storyboard */,
				320AC86D1CB75DA000909971 /* Info.plist */,
			);
			path = OnlineRuidao;
			sourceTree = "<group>";
		};
		320AC8751CB75DA100909971 /* OnlineRuidaoTests */ = {
			isa = PBXGroup;
			children = (
				320AC8761CB75DA100909971 /* OnlineRuidaoTests.swift */,
				320AC8781CB75DA100909971 /* Info.plist */,
			);
			path = OnlineRuidaoTests;
			sourceTree = "<group>";
		};
/* End PBXGroup section */

/* Begin PBXNativeTarget section */
		320AC85D1CB75DA000909971 /* OnlineRuidao */ = {
			isa = PBXNativeTarget;
			buildConfigurationList = 320AC87B1CB75DA100909971 /* Build configuration list for PBXNativeTarget "OnlineRuidao" */;
			buildPhases = (
				320AC85A1CB75DA000909971 /* Sources */,
				320AC85B1CB75DA000909971 /* Frameworks */,
				320AC85C1CB75DA000909971 /* Resources */,
			);
			buildRules = (
			);
			dependencies = (
			);
			name = OnlineRuidao;
			productName = OnlineRuidao;
			productReference = 320AC85E1CB75DA000909971 /* OnlineRuidao.app */;
			productType = "com.apple.product-type.application";
		};
		320AC8711CB75DA100909971 /* OnlineRuidaoTests */ = {
			isa = PBXNativeTarget;
			buildConfigurationList = 320AC87E1CB75DA100909971 /* Build configuration list for PBXNativeTarget "OnlineRuidaoTests" */;
			buildPhases = (
				320AC86E1CB75DA100909971 /* Sources */,
				320AC86F1CB75DA100909971 /* Frameworks */,
				320AC8701CB75DA100909971 /* Resources */,
			);
			buildRules = (
			);
			dependencies = (
				320AC8741CB75DA100909971 /* PBXTargetDependency */,
			);
			name = OnlineRuidaoTests;
			productName = OnlineRuidaoTests;
			productReference = 320AC8721CB75DA100909971 /* OnlineRuidaoTests.xctest */;
			productType = "com.apple.product-type.bundle.unit-test";
		};
/* End PBXNativeTarget section */

/* Begin PBXProject section */
		320AC8561CB75DA000909971 /* Project object */ = {
			isa = PBXProject;
			attributes = {
				LastSwiftUpdateCheck = 0720;
				LastUpgradeCheck = 0720;
				ORGANIZATIONNAME = 13110100517;
				TargetAttributes = {
					320AC85D1CB75DA000909971 = {
						CreatedOnToolsVersion = 7.2.1;
					};
					320AC8711CB75DA100909971 = {
						CreatedOnToolsVersion = 7.2.1;
						TestTargetID = 320AC85D1CB75DA000909971;
					};
				};
			};
			buildConfigurationList = 320AC8591CB75DA000909971 /* Build configuration list for PBXProject "OnlineRuidao" */;
			compatibilityVersion = "Xcode 3.2";
			developmentRegion = English;
			hasScannedForEncodings = 0;
			knownRegions = (
				en,
				Base,
			);
			mainGroup = 320AC8551CB75DA000909971;
			productRefGroup = 320AC85F1CB75DA000909971 /* Products */;
			projectDirPath = "";
			projectRoot = "";
			targets = (
				320AC85D1CB75DA000909971 /* OnlineRuidao */,
				320AC8711CB75DA100909971 /* OnlineRuidaoTests */,
			);
		};
/* End PBXProject section */

/* Begin PBXResourcesBuildPhase section */
		320AC85C1CB75DA000909971 /* Resources */ = {
			isa = PBXResourcesBuildPhase;
			buildActionMask = 2147483647;
			files = (
				320AC86C1CB75DA000909971 /* LaunchScreen.storyboard in Resources */,
				320AC8691CB75DA000909971 /* Assets.xcassets in Resources */,
				320AC8671CB75DA000909971 /* Main.storyboard in Resources */,
			);
			runOnlyForDeploymentPostprocessing = 0;
		};
		320AC8701CB75DA100909971 /* Resources */ = {
			isa = PBXResourcesBuildPhase;
			buildActionMask = 2147483647;
			files = (
			);
			runOnlyForDeploymentPostprocessing = 0;
		};
/* End PBXResourcesBuildPhase section */

/* Begin PBXSourcesBuildPhase section */
		320AC85A1CB75DA000909971 /* Sources */ = {
			isa = PBXSourcesBuildPhase;
			buildActionMask = 2147483647;
			files = (
				320AC8641CB75DA000909971 /* ViewController.swift in Sources */,
				320AC8621CB75DA000909971 /* AppDelegate.swift in Sources */,
			);
			runOnlyForDeploymentPostprocessing = 0;
		};
		320AC86E1CB75DA100909971 /* Sources */ = {
			isa = PBXSourcesBuildPhase;
			buildActionMask = 2147483647;
			files = (
				320AC8771CB75DA100909971 /* OnlineRuidaoTests.swift in Sources */,
			);
			runOnlyForDeploymentPostprocessing = 0;
		};
/* End PBXSourcesBuildPhase section */

/* Begin PBXTargetDependency section */
		320AC8741CB75DA100909971 /* PBXTargetDependency */ = {
			isa = PBXTargetDependency;
			target = 320AC85D1CB75DA000909971 /* OnlineRuidao */;
			targetProxy = 320AC8731CB75DA100909971 /* PBXContainerItemProxy */;
		};
/* End PBXTargetDependency section */

/* Begin PBXVariantGroup section */
		320AC8651CB75DA000909971 /* Main.storyboard */ = {
			isa = PBXVariantGroup;
			children = (
				320AC8661CB75DA000909971 /* Base */,
			);
			name = Main.storyboard;
			sourceTree = "<group>";
		};
		320AC86A1CB75DA000909971 /* LaunchScreen.storyboard */ = {
			isa = PBXVariantGroup;
			children = (
				320AC86B1CB75DA000909971 /* Base */,
			);
			name = LaunchScreen.storyboard;
			sourceTree = "<group>";
		};
/* End PBXVariantGroup section */

/* Begin XCBuildConfiguration section */
		320AC8791CB75DA100909971 /* Debug */ = {
			isa = XCBuildConfiguration;
			buildSettings = {
				ALWAYS_SEARCH_USER_PATHS = NO;
				CLANG_CXX_LANGUAGE_STANDARD = "gnu++0x";
				CLANG_CXX_LIBRARY = "libc++";
				CLANG_ENABLE_MODULES = YES;
				CLANG_ENABLE_OBJC_ARC = YES;
				CLANG_WARN_BOOL_CONVERSION = YES;
				CLANG_WARN_CONSTANT_CONVERSION = YES;
				CLANG_WARN_DIRECT_OBJC_ISA_USAGE = YES_ERROR;
				CLANG_WARN_EMPTY_BODY = YES;
				CLANG_WARN_ENUM_CONVERSION = YES;
				CLANG_WARN_INT_CONVERSION = YES;
				CLANG_WARN_OBJC_ROOT_CLASS = YES_ERROR;
				CLANG_WARN_UNREACHABLE_CODE = YES;
				CLANG_WARN__DUPLICATE_METHOD_MATCH = YES;
				"CODE_SIGN_IDENTITY[sdk=iphoneos*]" = "iPhone Developer";
				COPY_PHASE_STRIP = NO;
				DEBUG_INFORMATION_FORMAT = dwarf;
				ENABLE_STRICT_OBJC_MSGSEND = YES;
				ENABLE_TESTABILITY = YES;
				GCC_C_LANGUAGE_STANDARD = gnu99;
				GCC_DYNAMIC_NO_PIC = NO;
				GCC_NO_COMMON_BLOCKS = YES;
				GCC_OPTIMIZATION_LEVEL = 0;
				GCC_PREPROCESSOR_DEFINITIONS = (
					"DEBUG=1",
					"$(inherited)",
				);
				GCC_WARN_64_TO_32_BIT_CONVERSION = YES;
				GCC_WARN_ABOUT_RETURN_TYPE = YES_ERROR;
				GCC_WARN_UNDECLARED_SELECTOR = YES;
				GCC_WARN_UNINITIALIZED_AUTOS = YES_AGGRESSIVE;
				GCC_WARN_UNUSED_FUNCTION = YES;
				GCC_WARN_UNUSED_VARIABLE = YES;
				IPHONEOS_DEPLOYMENT_TARGET = 9.2;
				MTL_ENABLE_DEBUG_INFO = YES;
				ONLY_ACTIVE_ARCH = YES;
				SDKROOT = iphoneos;
				SWIFT_OPTIMIZATION_LEVEL = "-Onone";
				TARGETED_DEVICE_FAMILY = "1,2";
			};
			name = Debug;
		};
		320AC87A1CB75DA100909971 /* Release */ = {
			isa = XCBuildConfiguration;
			buildSettings = {
				ALWAYS_SEARCH_USER_PATHS = NO;
				CLANG_CXX_LANGUAGE_STANDARD = "gnu++0x";
				CLANG_CXX_LIBRARY = "libc++";
				CLANG_ENABLE_MODULES = YES;
				CLANG_ENABLE_OBJC_ARC = YES;
				CLANG_WARN_BOOL_CONVERSION = YES;
				CLANG_WARN_CONSTANT_CONVERSION = YES;
				CLANG_WARN_DIRECT_OBJC_ISA_USAGE = YES_ERROR;
				CLANG_WARN_EMPTY_BODY = YES;
				CLANG_WARN_ENUM_CONVERSION = YES;
				CLANG_WARN_INT_CONVERSION = YES;
				CLANG_WARN_OBJC_ROOT_CLASS = YES_ERROR;
				CLANG_WARN_UNREACHABLE_CODE = YES;
				CLANG_WARN__DUPLICATE_METHOD_MATCH = YES;
				"CODE_SIGN_IDENTITY[sdk=iphoneos*]" = "iPhone Developer";
				COPY_PHASE_STRIP = NO;
				DEBUG_INFORMATION_FORMAT = "dwarf-with-dsym";
				ENABLE_NS_ASSERTIONS = NO;
				ENABLE_STRICT_OBJC_MSGSEND = YES;
				GCC_C_LANGUAGE_STANDARD = gnu99;
				GCC_NO_COMMON_BLOCKS = YES;
				GCC_WARN_64_TO_32_BIT_CONVERSION = YES;
				GCC_WARN_ABOUT_RETURN_TYPE = YES_ERROR;
				GCC_WARN_UNDECLARED_SELECTOR = YES;
				GCC_WARN_UNINITIALIZED_AUTOS = YES_AGGRESSIVE;
				GCC_WARN_UNUSED_FUNCTION = YES;
				GCC_WARN_UNUSED_VARIABLE = YES;
				IPHONEOS_DEPLOYMENT_TARGET = 9.2;
				MTL_ENABLE_DEBUG_INFO = NO;
				SDKROOT = iphoneos;
				TARGETED_DEVICE_FAMILY = "1,2";
				VALIDATE_PRODUCT = YES;
			};
			name = Release;
		};
		320AC87C1CB75DA100909971 /* Debug */ = {
			isa = XCBuildConfiguration;
			buildSettings = {
				ASSETCATALOG_COMPILER_APPICON_NAME = AppIcon;
				INFOPLIST_FILE = OnlineRuidao/Info.plist;
				LD_RUNPATH_SEARCH_PATHS = "$(inherited) @executable_path/Frameworks";
				PRODUCT_BUNDLE_IDENTIFIER = hanzhe.OnlineRuidao;
				PRODUCT_NAME = "$(TARGET_NAME)";
			};
			name = Debug;
		};
		320AC87D1CB75DA100909971 /* Release */ = {
			isa = XCBuildConfiguration;
			buildSettings = {
				ASSETCATALOG_COMPILER_APPICON_NAME = AppIcon;
				INFOPLIST_FILE = OnlineRuidao/Info.plist;
				LD_RUNPATH_SEARCH_PATHS = "$(inherited) @executable_path/Frameworks";
				PRODUCT_BUNDLE_IDENTIFIER = hanzhe.OnlineRuidao;
				PRODUCT_NAME = "$(TARGET_NAME)";
			};
			name = Release;
		};
		320AC87F1CB75DA100909971 /* Debug */ = {
			isa = XCBuildConfiguration;
			buildSettings = {
				BUNDLE_LOADER = "$(TEST_HOST)";
				INFOPLIST_FILE = OnlineRuidaoTests/Info.plist;
				LD_RUNPATH_SEARCH_PATHS = "$(inherited) @executable_path/Frameworks @loader_path/Frameworks";
				PRODUCT_BUNDLE_IDENTIFIER = hanzhe.OnlineRuidaoTests;
				PRODUCT_NAME = "$(TARGET_NAME)";
				TEST_HOST = "$(BUILT_PRODUCTS_DIR)/OnlineRuidao.app/OnlineRuidao";
			};
			name = Debug;
		};
		320AC8801CB75DA100909971 /* Release */ = {
			isa = XCBuildConfiguration;
			buildSettings = {
				BUNDLE_LOADER = "$(TEST_HOST)";
				INFOPLIST_FILE = OnlineRuidaoTests/Info.plist;
				LD_RUNPATH_SEARCH_PATHS = "$(inherited) @executable_path/Frameworks @loader_path/Frameworks";
				PRODUCT_BUNDLE_IDENTIFIER = hanzhe.OnlineRuidaoTests;
				PRODUCT_NAME = "$(TARGET_NAME)";
				TEST_HOST = "$(BUILT_PRODUCTS_DIR)/OnlineRuidao.app/OnlineRuidao";
			};
			name = Release;
		};
/* End XCBuildConfiguration section */

/* Begin XCConfigurationList section */
		320AC8591CB75DA000909971 /* Build configuration list for PBXProject "OnlineRuidao" */ = {
			isa = XCConfigurationList;
			buildConfigurations = (
				320AC8791CB75DA100909971 /* Debug */,
				320AC87A1CB75DA100909971 /* Release */,
			);
			defaultConfigurationIsVisible = 0;
			defaultConfigurationName = Release;
		};
		320AC87B1CB75DA100909971 /* Build configuration list for PBXNativeTarget "OnlineRuidao" */ = {
			isa = XCConfigurationList;
			buildConfigurations = (
				320AC87C1CB75DA100909971 /* Debug */,
				320AC87D1CB75DA100909971 /* Release */,
			);
			defaultConfigurationIsVisible = 0;
		};
		320AC87E1CB75DA100909971 /* Build configuration list for PBXNativeTarget "OnlineRuidaoTests" */ = {
			isa = XCConfigurationList;
			buildConfigurations = (
				320AC87F1CB75DA100909971 /* Debug */,
				320AC8801CB75DA100909971 /* Release */,
			);
			defaultConfigurationIsVisible = 0;
		};
/* End XCConfigurationList section */
	};
	rootObject = 320AC8561CB75DA000909971 /* Project object */;
}
